<?xml version="1.0" encoding="utf-8"?>
<Project ToolsVersion="4.0" xmlns="http://schemas.microsoft.com/developer/msbuild/2003">
  <ItemGroup>
    <Filter Include="源文件">
      <UniqueIdentifier>{4FC737F1-C7A5-4376-A066-2A32D752A2FF}</UniqueIdentifier>
      <Extensions>cpp;c;cc;cxx;def;odl;idl;hpj;bat;asm;asmx</Extensions>
    </Filter>
    <Filter Include="头文件">
      <UniqueIdentifier>{93995380-89BD-4b04-88EB-625FBE52EBFB}</UniqueIdentifier>
      <Extensions>h;hh;hpp;hxx;hm;inl;inc;xsd</Extensions>
    </Filter>
    <Filter Include="资源文件">
      <UniqueIdentifier>{67DA6AB6-F800-4c08-8B7A-83BB121AAD01}</UniqueIdentifier>
      <Extensions>rc;ico;cur;bmp;dlg;rc2;rct;bin;rgs;gif;jpg;jpeg;jpe;resx;tiff;tif;png;wav;mfcribbon-ms</Extensions>
    </Filter>
    <Filter Include="Math">
      <UniqueIdentifier>{ca255f09-3568-4256-9e7a-16fcf8a84d7c}</UniqueIdentifier>
    </Filter>
    <Filter Include="Shape">
      <UniqueIdentifier>{eb8460d4-1feb-4014-ab48-f385cbbb92da}</UniqueIdentifier>
    </Filter>
    <Filter Include="Base">
      <UniqueIdentifier>{313de987-498e-4fff-b2d1-8fee8bfbee15}</UniqueIdentifier>
    </Filter>
    <Filter Include="Raycast">
      <UniqueIdentifier>{b1f5ba9d-221d-4f41-9b70-2e52d4d5b348}</UniqueIdentifier>
    </Filter>
    <Filter Include="Log">
      <UniqueIdentifier>{bc2f58c2-a554-45b3-9bd7-edfdbd764ea8}</UniqueIdentifier>
    </Filter>
    <Filter Include="Light">
      <UniqueIdentifier>{6b074f38-cff5-460e-8aef-352acc12ebcc}</UniqueIdentifier>
    </Filter>
  </ItemGroup>
  <ItemGroup>
    <Text Include="ReadMe.txt" />
  </ItemGroup>
  <ItemGroup>
    <ClInclude Include="stdafx.h">
      <Filter>头文件</Filter>
    </ClInclude>
    <ClInclude Include="targetver.h">
      <Filter>头文件</Filter>
    </ClInclude>
    <ClInclude Include="Raycast\Ray.h">
      <Filter>Raycast</Filter>
    </ClInclude>
    <ClInclude Include="Raycast\RaycastHit.h">
      <Filter>Raycast</Filter>
    </ClInclude>
    <ClInclude Include="Raycast\RaycastObject.h">
      <Filter>Raycast</Filter>
    </ClInclude>
    <ClInclude Include="Shape\Circle.h">
      <Filter>Shape</Filter>
    </ClInclude>
    <ClInclude Include="Shape\Line2d.h">
      <Filter>Shape</Filter>
    </ClInclude>
    <ClInclude Include="Shape\Rect.h">
      <Filter>Shape</Filter>
    </ClInclude>
    <ClInclude Include="Shape\Sphere.h">
      <Filter>Shape</Filter>
    </ClInclude>
    <ClInclude Include="Math\Vector2.h">
      <Filter>Math</Filter>
    </ClInclude>
    <ClInclude Include="Math\Vector3.h">
      <Filter>Math</Filter>
    </ClInclude>
    <ClInclude Include="Base\Color.h">
      <Filter>Base</Filter>
    </ClInclude>
    <ClInclude Include="Base\Csdl2.h">
      <Filter>Base</Filter>
    </ClInclude>
    <ClInclude Include="Base\PerspectiveCamera.h">
      <Filter>Base</Filter>
    </ClInclude>
    <ClInclude Include="TestCases.h">
      <Filter>源文件</Filter>
    </ClInclude>
    <ClInclude Include="Log\Log.h">
      <Filter>Log</Filter>
    </ClInclude>
    <ClInclude Include="Log\Debug.h">
      <Filter>Log</Filter>
    </ClInclude>
    <ClInclude Include="Shape\Bounds.h">
      <Filter>Shape</Filter>
    </ClInclude>
    <ClInclude Include="Light\DirectionLight.h">
      <Filter>Light</Filter>
    </ClInclude>
    <ClInclude Include="Light\PointLight.h">
      <Filter>Light</Filter>
    </ClInclude>
    <ClInclude Include="Light\SpotLight.h">
      <Filter>Light</Filter>
    </ClInclude>
    <ClInclude Include="Math\Matrix.h">
      <Filter>Math</Filter>
    </ClInclude>
    <ClInclude Include="Math\Quaternion.h">
      <Filter>Math</Filter>
    </ClInclude>
    <ClInclude Include="Math\Transform.h">
      <Filter>Math</Filter>
    </ClInclude>
    <ClInclude Include="Log\MessageLogContext.h">
      <Filter>Log</Filter>
    </ClInclude>
    <ClInclude Include="Math\Vector4.h">
      <Filter>Math</Filter>
    </ClInclude>
    <ClInclude Include="Math\Mathf.h">
      <Filter>Math</Filter>
    </ClInclude>
    <ClInclude Include="Base\Utils.h">
      <Filter>Base</Filter>
    </ClInclude>
    <ClInclude Include="Base\Material.h">
      <Filter>Base</Filter>
    </ClInclude>
    <ClInclude Include="Shape\Object3D.h">
      <Filter>Shape</Filter>
    </ClInclude>
    <ClInclude Include="Rasterizer.h">
      <Filter>源文件</Filter>
    </ClInclude>
    <ClInclude Include="TypeDef.h">
      <Filter>头文件</Filter>
    </ClInclude>
    <ClInclude Include="Math\Random.h">
      <Filter>Math</Filter>
    </ClInclude>
    <ClInclude Include="Base\Vertex.h">
      <Filter>Base</Filter>
    </ClInclude>
  </ItemGroup>
  <ItemGroup>
    <ClCompile Include="stdafx.cpp">
      <Filter>源文件</Filter>
    </ClCompile>
    <ClCompile Include="Raycast\Ray.cpp">
      <Filter>Raycast</Filter>
    </ClCompile>
    <ClCompile Include="Shape\Circle.cpp">
      <Filter>Shape</Filter>
    </ClCompile>
    <ClCompile Include="Shape\Line2d.cpp">
      <Filter>Shape</Filter>
    </ClCompile>
    <ClCompile Include="Shape\Rect.cpp">
      <Filter>Shape</Filter>
    </ClCompile>
    <ClCompile Include="Shape\Sphere.cpp">
      <Filter>Shape</Filter>
    </ClCompile>
    <ClCompile Include="Math\Vector2.cpp">
      <Filter>Math</Filter>
    </ClCompile>
    <ClCompile Include="Math\Vector3.cpp">
      <Filter>Math</Filter>
    </ClCompile>
    <ClCompile Include="Base\Color.cpp">
      <Filter>Base</Filter>
    </ClCompile>
    <ClCompile Include="Base\Csdl2.cpp">
      <Filter>Base</Filter>
    </ClCompile>
    <ClCompile Include="Base\PerspectiveCamera.cpp">
      <Filter>Base</Filter>
    </ClCompile>
    <ClCompile Include="TestCases.cpp">
      <Filter>源文件</Filter>
    </ClCompile>
    <ClCompile Include="Log\Log.cpp">
      <Filter>Log</Filter>
    </ClCompile>
    <ClCompile Include="Log\Debug.cpp">
      <Filter>Log</Filter>
    </ClCompile>
    <ClCompile Include="Shape\Bounds.cpp">
      <Filter>Shape</Filter>
    </ClCompile>
    <ClCompile Include="Light\DirectionLight.cpp">
      <Filter>Light</Filter>
    </ClCompile>
    <ClCompile Include="Light\PointLight.cpp">
      <Filter>Light</Filter>
    </ClCompile>
    <ClCompile Include="Light\SpotLight.cpp">
      <Filter>Light</Filter>
    </ClCompile>
    <ClCompile Include="Math\Matrix.cpp">
      <Filter>Math</Filter>
    </ClCompile>
    <ClCompile Include="Math\Quaternion.cpp">
      <Filter>Math</Filter>
    </ClCompile>
    <ClCompile Include="Math\Transform.cpp">
      <Filter>Math</Filter>
    </ClCompile>
    <ClCompile Include="Math\Vector4.cpp">
      <Filter>Math</Filter>
    </ClCompile>
    <ClCompile Include="Math\Mathf.cpp">
      <Filter>Math</Filter>
    </ClCompile>
    <ClCompile Include="Base\Material.cpp">
      <Filter>Base</Filter>
    </ClCompile>
    <ClCompile Include="main.cpp">
      <Filter>源文件</Filter>
    </ClCompile>
    <ClCompile Include="Rasterizer.cpp">
      <Filter>源文件</Filter>
    </ClCompile>
  </ItemGroup>
</Project>